// !$*UTF8*$!
{
	archiveVersion = 1;
	classes = {
	};
	objectVersion = 50;
	objects = {

/* Begin PBXBuildFile section */
		C410127729F9AAFD00A5F60B /* AppDelegate.swift in Sources */ = {isa = PBXBuildFile; fileRef = C410127629F9AAFD00A5F60B /* AppDelegate.swift */; };
		C410127929F9AAFD00A5F60B /* SceneDelegate.swift in Sources */ = {isa = PBXBuildFile; fileRef = C410127829F9AAFD00A5F60B /* SceneDelegate.swift */; };
		C410127B29F9AAFD00A5F60B /* ViewController.swift in Sources */ = {isa = PBXBuildFile; fileRef = C410127A29F9AAFD00A5F60B /* ViewController.swift */; };
		C410127E29F9AAFD00A5F60B /* Main.storyboard in Resources */ = {isa = PBXBuildFile; fileRef = C410127C29F9AAFD00A5F60B /* Main.storyboard */; };
		C410128129F9AAFD00A5F60B /* PokedexPro.xcdatamodeld in Sources */ = {isa = PBXBuildFile; fileRef = C410127F29F9AAFD00A5F60B /* PokedexPro.xcdatamodeld */; };
		C410128329F9AB0C00A5F60B /* Assets.xcassets in Resources */ = {isa = PBXBuildFile; fileRef = C410128229F9AB0C00A5F60B /* Assets.xcassets */; };
		C410128629F9AB0C00A5F60B /* LaunchScreen.storyboard in Resources */ = {isa = PBXBuildFile; fileRef = C410128429F9AB0C00A5F60B /* LaunchScreen.storyboard */; };
		C410129129F9AB0C00A5F60B /* PokedexProTests.swift in Sources */ = {isa = PBXBuildFile; fileRef = C410129029F9AB0C00A5F60B /* PokedexProTests.swift */; };
		C410129C29F9AB0C00A5F60B /* PokedexProUITests.swift in Sources */ = {isa = PBXBuildFile; fileRef = C410129B29F9AB0C00A5F60B /* PokedexProUITests.swift */; };
/* End PBXBuildFile section */

/* Begin PBXContainerItemProxy section */
		C410128D29F9AB0C00A5F60B /* PBXContainerItemProxy */ = {
			isa = PBXContainerItemProxy;
			containerPortal = C410126B29F9AAFD00A5F60B /* Project object */;
			proxyType = 1;
			remoteGlobalIDString = C410127229F9AAFD00A5F60B;
			remoteInfo = PokedexPro;
		};
		C410129829F9AB0C00A5F60B /* PBXContainerItemProxy */ = {
			isa = PBXContainerItemProxy;
			containerPortal = C410126B29F9AAFD00A5F60B /* Project object */;
			proxyType = 1;
			remoteGlobalIDString = C410127229F9AAFD00A5F60B;
			remoteInfo = PokedexPro;
		};
/* End PBXContainerItemProxy section */

/* Begin PBXFileReference section */
		C410127329F9AAFD00A5F60B /* PokedexPro.app */ = {isa = PBXFileReference; explicitFileType = wrapper.application; includeInIndex = 0; path = PokedexPro.app; sourceTree = BUILT_PRODUCTS_DIR; };
		C410127629F9AAFD00A5F60B /* AppDelegate.swift */ = {isa = PBXFileReference; lastKnownFileType = sourcecode.swift; path = AppDelegate.swift; sourceTree = "<group>"; };
		C410127829F9AAFD00A5F60B /* SceneDelegate.swift */ = {isa = PBXFileReference; lastKnownFileType = sourcecode.swift; path = SceneDelegate.swift; sourceTree = "<group>"; };
		C410127A29F9AAFD00A5F60B /* ViewController.swift */ = {isa = PBXFileReference; lastKnownFileType = sourcecode.swift; path = ViewController.swift; sourceTree = "<group>"; };
		C410127D29F9AAFD00A5F60B /* Base */ = {isa = PBXFileReference; lastKnownFileType = file.storyboard; name = Base; path = Base.lproj/Main.storyboard; sourceTree = "<group>"; };
		C410128029F9AAFD00A5F60B /* PokedexPro.xcdatamodel */ = {isa = PBXFileReference; lastKnownFileType = wrapper.xcdatamodel; path = PokedexPro.xcdatamodel; sourceTree = "<group>"; };
		C410128229F9AB0C00A5F60B /* Assets.xcassets */ = {isa = PBXFileReference; lastKnownFileType = folder.assetcatalog; path = Assets.xcassets; sourceTree = "<group>"; };
		C410128529F9AB0C00A5F60B /* Base */ = {isa = PBXFileReference; lastKnownFileType = file.storyboard; name = Base; path = Base.lproj/LaunchScreen.storyboard; sourceTree = "<group>"; };
		C410128729F9AB0C00A5F60B /* Info.plist */ = {isa = PBXFileReference; lastKnownFileType = text.plist.xml; path = Info.plist; sourceTree = "<group>"; };
		C410128C29F9AB0C00A5F60B /* PokedexProTests.xctest */ = {isa = PBXFileReference; explicitFileType = wrapper.cfbundle; includeInIndex = 0; path = PokedexProTests.xctest; sourceTree = BUILT_PRODUCTS_DIR; };
		C410129029F9AB0C00A5F60B /* PokedexProTests.swift */ = {isa = PBXFileReference; lastKnownFileType = sourcecode.swift; path = PokedexProTests.swift; sourceTree = "<group>"; };
		C410129229F9AB0C00A5F60B /* Info.plist */ = {isa = PBXFileReference; lastKnownFileType = text.plist.xml; path = Info.plist; sourceTree = "<group>"; };
		C410129729F9AB0C00A5F60B /* PokedexProUITests.xctest */ = {isa = PBXFileReference; explicitFileType = wrapper.cfbundle; includeInIndex = 0; path = PokedexProUITests.xctest; sourceTree = BUILT_PRODUCTS_DIR; };
		C410129B29F9AB0C00A5F60B /* PokedexProUITests.swift */ = {isa = PBXFileReference; lastKnownFileType = sourcecode.swift; path = PokedexProUITests.swift; sourceTree = "<group>"; };
		C410129D29F9AB0C00A5F60B /* Info.plist */ = {isa = PBXFileReference; lastKnownFileType = text.plist.xml; path = Info.plist; sourceTree = "<group>"; };
/* End PBXFileReference section */

/* Begin PBXFrameworksBuildPhase section */
		C410127029F9AAFD00A5F60B /* Frameworks */ = {
			isa = PBXFrameworksBuildPhase;
			buildActionMask = 2147483647;
			files = (
			);
			runOnlyForDeploymentPostprocessing = 0;
		};
		C410128929F9AB0C00A5F60B /* Frameworks */ = {
			isa = PBXFrameworksBuildPhase;
			buildActionMask = 2147483647;
			files = (
			);
			runOnlyForDeploymentPostprocessing = 0;
		};
		C410129429F9AB0C00A5F60B /* Frameworks */ = {
			isa = PBXFrameworksBuildPhase;
			buildActionMask = 2147483647;
			files = (
			);
			runOnlyForDeploymentPostprocessing = 0;
		};
/* End PBXFrameworksBuildPhase section */

/* Begin PBXGroup section */
		C410126A29F9AAFD00A5F60B = {
			isa = PBXGroup;
			children = (
				C410127529F9AAFD00A5F60B /* PokedexPro */,
				C410128F29F9AB0C00A5F60B /* PokedexProTests */,
				C410129A29F9AB0C00A5F60B /* PokedexProUITests */,
				C410127429F9AAFD00A5F60B /* Products */,
			);
			sourceTree = "<group>";
		};
		C410127429F9AAFD00A5F60B /* Products */ = {
			isa = PBXGroup;
			children = (
				C410127329F9AAFD00A5F60B /* PokedexPro.app */,
				C410128C29F9AB0C00A5F60B /* PokedexProTests.xctest */,
				C410129729F9AB0C00A5F60B /* PokedexProUITests.xctest */,
			);
			name = Products;
			sourceTree = "<group>";
		};
		C410127529F9AAFD00A5F60B /* PokedexPro */ = {
			isa = PBXGroup;
			children = (
				C410127629F9AAFD00A5F60B /* AppDelegate.swift */,
				C410127829F9AAFD00A5F60B /* SceneDelegate.swift */,
				C410127A29F9AAFD00A5F60B /* ViewController.swift */,
				C410127C29F9AAFD00A5F60B /* Main.storyboard */,
				C410128229F9AB0C00A5F60B /* Assets.xcassets */,
				C410128429F9AB0C00A5F60B /* LaunchScreen.storyboard */,
				C410128729F9AB0C00A5F60B /* Info.plist */,
				C410127F29F9AAFD00A5F60B /* PokedexPro.xcdatamodeld */,
			);
			path = PokedexPro;
			sourceTree = "<group>";
		};
		C410128F29F9AB0C00A5F60B /* PokedexProTests */ = {
			isa = PBXGroup;
			children = (
				C410129029F9AB0C00A5F60B /* PokedexProTests.swift */,
				C410129229F9AB0C00A5F60B /* Info.plist */,
			);
			path = PokedexProTests;
			sourceTree = "<group>";
		};
		C410129A29F9AB0C00A5F60B /* PokedexProUITests */ = {
			isa = PBXGroup;
			children = (
				C410129B29F9AB0C00A5F60B /* PokedexProUITests.swift */,
				C410129D29F9AB0C00A5F60B /* Info.plist */,
			);
			path = PokedexProUITests;
			sourceTree = "<group>";
		};
/* End PBXGroup section */

/* Begin PBXNativeTarget section */
		C410127229F9AAFD00A5F60B /* PokedexPro */ = {
			isa = PBXNativeTarget;
			buildConfigurationList = C41012A029F9AB0C00A5F60B /* Build configuration list for PBXNativeTarget "PokedexPro" */;
			buildPhases = (
				C410126F29F9AAFD00A5F60B /* Sources */,
				C410127029F9AAFD00A5F60B /* Frameworks */,
				C410127129F9AAFD00A5F60B /* Resources */,
			);
			buildRules = (
			);
			dependencies = (
			);
			name = PokedexPro;
			productName = PokedexPro;
			productReference = C410127329F9AAFD00A5F60B /* PokedexPro.app */;
			productType = "com.apple.product-type.application";
		};
		C410128B29F9AB0C00A5F60B /* PokedexProTests */ = {
			isa = PBXNativeTarget;
			buildConfigurationList = C41012A329F9AB0C00A5F60B /* Build configuration list for PBXNativeTarget "PokedexProTests" */;
			buildPhases = (
				C410128829F9AB0C00A5F60B /* Sources */,
				C410128929F9AB0C00A5F60B /* Frameworks */,
				C410128A29F9AB0C00A5F60B /* Resources */,
			);
			buildRules = (
			);
			dependencies = (
				C410128E29F9AB0C00A5F60B /* PBXTargetDependency */,
			);
			name = PokedexProTests;
			productName = PokedexProTests;
			productReference = C410128C29F9AB0C00A5F60B /* PokedexProTests.xctest */;
			productType = "com.apple.product-type.bundle.unit-test";
		};
		C410129629F9AB0C00A5F60B /* PokedexProUITests */ = {
			isa = PBXNativeTarget;
			buildConfigurationList = C41012A629F9AB0C00A5F60B /* Build configuration list for PBXNativeTarget "PokedexProUITests" */;
			buildPhases = (
				C410129329F9AB0C00A5F60B /* Sources */,
				C410129429F9AB0C00A5F60B /* Frameworks */,
				C410129529F9AB0C00A5F60B /* Resources */,
			);
			buildRules = (
			);
			dependencies = (
				C410129929F9AB0C00A5F60B /* PBXTargetDependency */,
			);
			name = PokedexProUITests;
			productName = PokedexProUITests;
			productReference = C410129729F9AB0C00A5F60B /* PokedexProUITests.xctest */;
			productType = "com.apple.product-type.bundle.ui-testing";
		};
/* End PBXNativeTarget section */

/* Begin PBXProject section */
		C410126B29F9AAFD00A5F60B /* Project object */ = {
			isa = PBXProject;
			attributes = {
				LastSwiftUpdateCheck = 1240;
				LastUpgradeCheck = 1240;
				TargetAttributes = {
					C410127229F9AAFD00A5F60B = {
						CreatedOnToolsVersion = 12.4;
					};
					C410128B29F9AB0C00A5F60B = {
						CreatedOnToolsVersion = 12.4;
						TestTargetID = C410127229F9AAFD00A5F60B;
					};
					C410129629F9AB0C00A5F60B = {
						CreatedOnToolsVersion = 12.4;
						TestTargetID = C410127229F9AAFD00A5F60B;
					};
				};
			};
			buildConfigurationList = C410126E29F9AAFD00A5F60B /* Build configuration list for PBXProject "PokedexPro" */;
			compatibilityVersion = "Xcode 9.3";
			developmentRegion = en;
			hasScannedForEncodings = 0;
			knownRegions = (
				en,
				Base,
			);
			mainGroup = C410126A29F9AAFD00A5F60B;
			productRefGroup = C410127429F9AAFD00A5F60B /* Products */;
			projectDirPath = "";
			projectRoot = "";
			targets = (
				C410127229F9AAFD00A5F60B /* PokedexPro */,
				C410128B29F9AB0C00A5F60B /* PokedexProTests */,
				C410129629F9AB0C00A5F60B /* PokedexProUITests */,
			);
		};
/* End PBXProject section */

/* Begin PBXResourcesBuildPhase section */
		C410127129F9AAFD00A5F60B /* Resources */ = {
			isa = PBXResourcesBuildPhase;
			buildActionMask = 2147483647;
			files = (
				C410128629F9AB0C00A5F60B /* LaunchScreen.storyboard in Resources */,
				C410128329F9AB0C00A5F60B /* Assets.xcassets in Resources */,
				C410127E29F9AAFD00A5F60B /* Main.storyboard in Resources */,
			);
			runOnlyForDeploymentPostprocessing = 0;
		};
		C410128A29F9AB0C00A5F60B /* Resources */ = {
			isa = PBXResourcesBuildPhase;
			buildActionMask = 2147483647;
			files = (
			);
			runOnlyForDeploymentPostprocessing = 0;
		};
		C410129529F9AB0C00A5F60B /* Resources */ = {
			isa = PBXResourcesBuildPhase;
			buildActionMask = 2147483647;
			files = (
			);
			runOnlyForDeploymentPostprocessing = 0;
		};
/* End PBXResourcesBuildPhase section */

/* Begin PBXSourcesBuildPhase section */
		C410126F29F9AAFD00A5F60B /* Sources */ = {
			isa = PBXSourcesBuildPhase;
			buildActionMask = 2147483647;
			files = (
				C410128129F9AAFD00A5F60B /* PokedexPro.xcdatamodeld in Sources */,
				C410127B29F9AAFD00A5F60B /* ViewController.swift in Sources */,
				C410127729F9AAFD00A5F60B /* AppDelegate.swift in Sources */,
				C410127929F9AAFD00A5F60B /* SceneDelegate.swift in Sources */,
			);
			runOnlyForDeploymentPostprocessing = 0;
		};
		C410128829F9AB0C00A5F60B /* Sources */ = {
			isa = PBXSourcesBuildPhase;
			buildActionMask = 2147483647;
			files = (
				C410129129F9AB0C00A5F60B /* PokedexProTests.swift in Sources */,
			);
			runOnlyForDeploymentPostprocessing = 0;
		};
		C410129329F9AB0C00A5F60B /* Sources */ = {
			isa = PBXSourcesBuildPhase;
			buildActionMask = 2147483647;
			files = (
				C410129C29F9AB0C00A5F60B /* PokedexProUITests.swift in Sources */,
			);
			runOnlyForDeploymentPostprocessing = 0;
		};
/* End PBXSourcesBuildPhase section */

/* Begin PBXTargetDependency section */
		C410128E29F9AB0C00A5F60B /* PBXTargetDependency */ = {
			isa = PBXTargetDependency;
			target = C410127229F9AAFD00A5F60B /* PokedexPro */;
			targetProxy = C410128D29F9AB0C00A5F60B /* PBXContainerItemProxy */;
		};
		C410129929F9AB0C00A5F60B /* PBXTargetDependency */ = {
			isa = PBXTargetDependency;
			target = C410127229F9AAFD00A5F60B /* PokedexPro */;
			targetProxy = C410129829F9AB0C00A5F60B /* PBXContainerItemProxy */;
		};
/* End PBXTargetDependency section */

/* Begin PBXVariantGroup section */
		C410127C29F9AAFD00A5F60B /* Main.storyboard */ = {
			isa = PBXVariantGroup;
			children = (
				C410127D29F9AAFD00A5F60B /* Base */,
			);
			name = Main.storyboard;
			sourceTree = "<group>";
		};
		C410128429F9AB0C00A5F60B /* LaunchScreen.storyboard */ = {
			isa = PBXVariantGroup;
			children = (
				C410128529F9AB0C00A5F60B /* Base */,
			);
			name = LaunchScreen.storyboard;
			sourceTree = "<group>";
		};
/* End PBXVariantGroup section */

/* Begin XCBuildConfiguration section */
		C410129E29F9AB0C00A5F60B /* Debug */ = {
			isa = XCBuildConfiguration;
			buildSettings = {
				ALWAYS_SEARCH_USER_PATHS = NO;
				CLANG_ANALYZER_NONNULL = YES;
				CLANG_ANALYZER_NUMBER_OBJECT_CONVERSION = YES_AGGRESSIVE;
				CLANG_CXX_LANGUAGE_STANDARD = "gnu++14";
				CLANG_CXX_LIBRARY = "libc++";
				CLANG_ENABLE_MODULES = YES;
				CLANG_ENABLE_OBJC_ARC = YES;
				CLANG_ENABLE_OBJC_WEAK = YES;
				CLANG_WARN_BLOCK_CAPTURE_AUTORELEASING = YES;
				CLANG_WARN_BOOL_CONVERSION = YES;
				CLANG_WARN_COMMA = YES;
				CLANG_WARN_CONSTANT_CONVERSION = YES;
				CLANG_WARN_DEPRECATED_OBJC_IMPLEMENTATIONS = YES;
				CLANG_WARN_DIRECT_OBJC_ISA_USAGE = YES_ERROR;
				CLANG_WARN_DOCUMENTATION_COMMENTS = YES;
				CLANG_WARN_EMPTY_BODY = YES;
				CLANG_WARN_ENUM_CONVERSION = YES;
				CLANG_WARN_INFINITE_RECURSION = YES;
				CLANG_WARN_INT_CONVERSION = YES;
				CLANG_WARN_NON_LITERAL_NULL_CONVERSION = YES;
				CLANG_WARN_OBJC_IMPLICIT_RETAIN_SELF = YES;
				CLANG_WARN_OBJC_LITERAL_CONVERSION = YES;
				CLANG_WARN_OBJC_ROOT_CLASS = YES_ERROR;
				CLANG_WARN_QUOTED_INCLUDE_IN_FRAMEWORK_HEADER = YES;
				CLANG_WARN_RANGE_LOOP_ANALYSIS = YES;
				CLANG_WARN_STRICT_PROTOTYPES = YES;
				CLANG_WARN_SUSPICIOUS_MOVE = YES;
				CLANG_WARN_UNGUARDED_AVAILABILITY = YES_AGGRESSIVE;
				CLANG_WARN_UNREACHABLE_CODE = YES;
				CLANG_WARN__DUPLICATE_METHOD_MATCH = YES;
				COPY_PHASE_STRIP = NO;
				DEBUG_INFORMATION_FORMAT = dwarf;
				ENABLE_STRICT_OBJC_MSGSEND = YES;
				ENABLE_TESTABILITY = YES;
				GCC_C_LANGUAGE_STANDARD = gnu11;
				GCC_DYNAMIC_NO_PIC = NO;
				GCC_NO_COMMON_BLOCKS = YES;
				GCC_OPTIMIZATION_LEVEL = 0;
				GCC_PREPROCESSOR_DEFINITIONS = (
					"DEBUG=1",
					"$(inherited)",
				);
				GCC_WARN_64_TO_32_BIT_CONVERSION = YES;
				GCC_WARN_ABOUT_RETURN_TYPE = YES_ERROR;
				GCC_WARN_UNDECLARED_SELECTOR = YES;
				GCC_WARN_UNINITIALIZED_AUTOS = YES_AGGRESSIVE;
				GCC_WARN_UNUSED_FUNCTION = YES;
				GCC_WARN_UNUSED_VARIABLE = YES;
				IPHONEOS_DEPLOYMENT_TARGET = 14.4;
				MTL_ENABLE_DEBUG_INFO = INCLUDE_SOURCE;
				MTL_FAST_MATH = YES;
				ONLY_ACTIVE_ARCH = YES;
				SDKROOT = iphoneos;
				SWIFT_ACTIVE_COMPILATION_CONDITIONS = DEBUG;
				SWIFT_OPTIMIZATION_LEVEL = "-Onone";
			};
			name = Debug;
		};
		C410129F29F9AB0C00A5F60B /* Release */ = {
			isa = XCBuildConfiguration;
			buildSettings = {
				ALWAYS_SEARCH_USER_PATHS = NO;
				CLANG_ANALYZER_NONNULL = YES;
				CLANG_ANALYZER_NUMBER_OBJECT_CONVERSION = YES_AGGRESSIVE;
				CLANG_CXX_LANGUAGE_STANDARD = "gnu++14";
				CLANG_CXX_LIBRARY = "libc++";
				CLANG_ENABLE_MODULES = YES;
				CLANG_ENABLE_OBJC_ARC = YES;
				CLANG_ENABLE_OBJC_WEAK = YES;
				CLANG_WARN_BLOCK_CAPTURE_AUTORELEASING = YES;
				CLANG_WARN_BOOL_CONVERSION = YES;
				CLANG_WARN_COMMA = YES;
				CLANG_WARN_CONSTANT_CONVERSION = YES;
				CLANG_WARN_DEPRECATED_OBJC_IMPLEMENTATIONS = YES;
				CLANG_WARN_DIRECT_OBJC_ISA_USAGE = YES_ERROR;
				CLANG_WARN_DOCUMENTATION_COMMENTS = YES;
				CLANG_WARN_EMPTY_BODY = YES;
				CLANG_WARN_ENUM_CONVERSION = YES;
				CLANG_WARN_INFINITE_RECURSION = YES;
				CLANG_WARN_INT_CONVERSION = YES;
				CLANG_WARN_NON_LITERAL_NULL_CONVERSION = YES;
				CLANG_WARN_OBJC_IMPLICIT_RETAIN_SELF = YES;
				CLANG_WARN_OBJC_LITERAL_CONVERSION = YES;
				CLANG_WARN_OBJC_ROOT_CLASS = YES_ERROR;
				CLANG_WARN_QUOTED_INCLUDE_IN_FRAMEWORK_HEADER = YES;
				CLANG_WARN_RANGE_LOOP_ANALYSIS = YES;
				CLANG_WARN_STRICT_PROTOTYPES = YES;
				CLANG_WARN_SUSPICIOUS_MOVE = YES;
				CLANG_WARN_UNGUARDED_AVAILABILITY = YES_AGGRESSIVE;
				CLANG_WARN_UNREACHABLE_CODE = YES;
				CLANG_WARN__DUPLICATE_METHOD_MATCH = YES;
				COPY_PHASE_STRIP = NO;
				DEBUG_INFORMATION_FORMAT = "dwarf-with-dsym";
				ENABLE_NS_ASSERTIONS = NO;
				ENABLE_STRICT_OBJC_MSGSEND = YES;
				GCC_C_LANGUAGE_STANDARD = gnu11;
				GCC_NO_COMMON_BLOCKS = YES;
				GCC_WARN_64_TO_32_BIT_CONVERSION = YES;
				GCC_WARN_ABOUT_RETURN_TYPE = YES_ERROR;
				GCC_WARN_UNDECLARED_SELECTOR = YES;
				GCC_WARN_UNINITIALIZED_AUTOS = YES_AGGRESSIVE;
				GCC_WARN_UNUSED_FUNCTION = YES;
				GCC_WARN_UNUSED_VARIABLE = YES;
				IPHONEOS_DEPLOYMENT_TARGET = 14.4;
				MTL_ENABLE_DEBUG_INFO = NO;
				MTL_FAST_MATH = YES;
				SDKROOT = iphoneos;
				SWIFT_COMPILATION_MODE = wholemodule;
				SWIFT_OPTIMIZATION_LEVEL = "-O";
				VALIDATE_PRODUCT = YES;
			};
			name = Release;
		};
		C41012A129F9AB0C00A5F60B /* Debug */ = {
			isa = XCBuildConfiguration;
			buildSettings = {
				ASSETCATALOG_COMPILER_APPICON_NAME = AppIcon;
				ASSETCATALOG_COMPILER_GLOBAL_ACCENT_COLOR_NAME = AccentColor;
				CODE_SIGN_STYLE = Automatic;
				DEVELOPMENT_TEAM = ZZFSMQF9XK;
				INFOPLIST_FILE = PokedexPro/Info.plist;
				LD_RUNPATH_SEARCH_PATHS = (
					"$(inherited)",
					"@executable_path/Frameworks",
				);
				PRODUCT_BUNDLE_IDENTIFIER = com.abrahampuga.TecLagunaApp.PokedexPro;
				PRODUCT_NAME = "$(TARGET_NAME)";
				SWIFT_VERSION = 5.0;
				TARGETED_DEVICE_FAMILY = "1,2";
			};
			name = Debug;
		};
		C41012A229F9AB0C00A5F60B /* Release */ = {
			isa = XCBuildConfiguration;
			buildSettings = {
				ASSETCATALOG_COMPILER_APPICON_NAME = AppIcon;
				ASSETCATALOG_COMPILER_GLOBAL_ACCENT_COLOR_NAME = AccentColor;
				CODE_SIGN_STYLE = Automatic;
				DEVELOPMENT_TEAM = ZZFSMQF9XK;
				INFOPLIST_FILE = PokedexPro/Info.plist;
				LD_RUNPATH_SEARCH_PATHS = (
					"$(inherited)",
					"@executable_path/Frameworks",
				);
				PRODUCT_BUNDLE_IDENTIFIER = com.abrahampuga.TecLagunaApp.PokedexPro;
				PRODUCT_NAME = "$(TARGET_NAME)";
				SWIFT_VERSION = 5.0;
				TARGETED_DEVICE_FAMILY = "1,2";
			};
			name = Release;
		};
		C41012A429F9AB0C00A5F60B /* Debug */ = {
			isa = XCBuildConfiguration;
			buildSettings = {
				ALWAYS_EMBED_SWIFT_STANDARD_LIBRARIES = YES;
				BUNDLE_LOADER = "$(TEST_HOST)";
				CODE_SIGN_STYLE = Automatic;
				DEVELOPMENT_TEAM = ZZFSMQF9XK;
				INFOPLIST_FILE = PokedexProTests/Info.plist;
				IPHONEOS_DEPLOYMENT_TARGET = 14.4;
				LD_RUNPATH_SEARCH_PATHS = (
					"$(inherited)",
					"@executable_path/Frameworks",
					"@loader_path/Frameworks",
				);
				PRODUCT_BUNDLE_IDENTIFIER = com.abrahampuga.TecLagunaApp.PokedexProTests;
				PRODUCT_NAME = "$(TARGET_NAME)";
				SWIFT_VERSION = 5.0;
				TARGETED_DEVICE_FAMILY = "1,2";
				TEST_HOST = "$(BUILT_PRODUCTS_DIR)/PokedexPro.app/PokedexPro";
			};
			name = Debug;
		};
		C41012A529F9AB0C00A5F60B /* Release */ = {
			isa = XCBuildConfiguration;
			buildSettings = {
				ALWAYS_EMBED_SWIFT_STANDARD_LIBRARIES = YES;
				BUNDLE_LOADER = "$(TEST_HOST)";
				CODE_SIGN_STYLE = Automatic;
				DEVELOPMENT_TEAM = ZZFSMQF9XK;
				INFOPLIST_FILE = PokedexProTests/Info.plist;
				IPHONEOS_DEPLOYMENT_TARGET = 14.4;
				LD_RUNPATH_SEARCH_PATHS = (
					"$(inherited)",
					"@executable_path/Frameworks",
					"@loader_path/Frameworks",
				);
				PRODUCT_BUNDLE_IDENTIFIER = com.abrahampuga.TecLagunaApp.PokedexProTests;
				PRODUCT_NAME = "$(TARGET_NAME)";
				SWIFT_VERSION = 5.0;
				TARGETED_DEVICE_FAMILY = "1,2";
				TEST_HOST = "$(BUILT_PRODUCTS_DIR)/PokedexPro.app/PokedexPro";
			};
			name = Release;
		};
		C41012A729F9AB0C00A5F60B /* Debug */ = {
			isa = XCBuildConfiguration;
			buildSettings = {
				ALWAYS_EMBED_SWIFT_STANDARD_LIBRARIES = YES;
				CODE_SIGN_STYLE = Automatic;
				DEVELOPMENT_TEAM = ZZFSMQF9XK;
				INFOPLIST_FILE = PokedexProUITests/Info.plist;
				LD_RUNPATH_SEARCH_PATHS = (
					"$(inherited)",
					"@executable_path/Frameworks",
					"@loader_path/Frameworks",
				);
				PRODUCT_BUNDLE_IDENTIFIER = com.abrahampuga.TecLagunaApp.PokedexProUITests;
				PRODUCT_NAME = "$(TARGET_NAME)";
				SWIFT_VERSION = 5.0;
				TARGETED_DEVICE_FAMILY = "1,2";
				TEST_TARGET_NAME = PokedexPro;
			};
			name = Debug;
		};
		C41012A829F9AB0C00A5F60B /* Release */ = {
			isa = XCBuildConfiguration;
			buildSettings = {
				ALWAYS_EMBED_SWIFT_STANDARD_LIBRARIES = YES;
				CODE_SIGN_STYLE = Automatic;
				DEVELOPMENT_TEAM = ZZFSMQF9XK;
				INFOPLIST_FILE = PokedexProUITests/Info.plist;
				LD_RUNPATH_SEARCH_PATHS = (
					"$(inherited)",
					"@executable_path/Frameworks",
					"@loader_path/Frameworks",
				);
				PRODUCT_BUNDLE_IDENTIFIER = com.abrahampuga.TecLagunaApp.PokedexProUITests;
				PRODUCT_NAME = "$(TARGET_NAME)";
				SWIFT_VERSION = 5.0;
				TARGETED_DEVICE_FAMILY = "1,2";
				TEST_TARGET_NAME = PokedexPro;
			};
			name = Release;
		};
/* End XCBuildConfiguration section */

/* Begin XCConfigurationList section */
		C410126E29F9AAFD00A5F60B /* Build configuration list for PBXProject "PokedexPro" */ = {
			isa = XCConfigurationList;
			buildConfigurations = (
				C410129E29F9AB0C00A5F60B /* Debug */,
				C410129F29F9AB0C00A5F60B /* Release */,
			);
			defaultConfigurationIsVisible = 0;
			defaultConfigurationName = Release;
		};
		C41012A029F9AB0C00A5F60B /* Build configuration list for PBXNativeTarget "PokedexPro" */ = {
			isa = XCConfigurationList;
			buildConfigurations = (
				C41012A129F9AB0C00A5F60B /* Debug */,
				C41012A229F9AB0C00A5F60B /* Release */,
			);
			defaultConfigurationIsVisible = 0;
			defaultConfigurationName = Release;
		};
		C41012A329F9AB0C00A5F60B /* Build configuration list for PBXNativeTarget "PokedexProTests" */ = {
			isa = XCConfigurationList;
			buildConfigurations = (
				C41012A429F9AB0C00A5F60B /* Debug */,
				C41012A529F9AB0C00A5F60B /* Release */,
			);
			defaultConfigurationIsVisible = 0;
			defaultConfigurationName = Release;
		};
		C41012A629F9AB0C00A5F60B /* Build configuration list for PBXNativeTarget "PokedexProUITests" */ = {
			isa = XCConfigurationList;
			buildConfigurations = (
				C41012A729F9AB0C00A5F60B /* Debug */,
				C41012A829F9AB0C00A5F60B /* Release */,
			);
			defaultConfigurationIsVisible = 0;
			defaultConfigurationName = Release;
		};
/* End XCConfigurationList section */

/* Begin XCVersionGroup section */
		C410127F29F9AAFD00A5F60B /* PokedexPro.xcdatamodeld */ = {
			isa = XCVersionGroup;
			children = (
				C410128029F9AAFD00A5F60B /* PokedexPro.xcdatamodel */,
			);
			currentVersion = C410128029F9AAFD00A5F60B /* PokedexPro.xcdatamodel */;
			path = PokedexPro.xcdatamodeld;
			sourceTree = "<group>";
			versionGroupType = wrapper.xcdatamodel;
		};
/* End XCVersionGroup section */
	};
	rootObject = C410126B29F9AAFD00A5F60B /* Project object */;
}
